// !$*UTF8*$!
{
	archiveVersion = 1;
	classes = {
	};
	objectVersion = 56;
	objects = {

/* Begin PBXBuildFile section */
		0B09376F295754EF006D9574 /* HomeStatasView.swift in Sources */ = {isa = PBXBuildFile; fileRef = 0B09376E295754EF006D9574 /* HomeStatasView.swift */; };
		0B09377129575D87006D9574 /* GlobalData.swift in Sources */ = {isa = PBXBuildFile; fileRef = 0B09377029575D87006D9574 /* GlobalData.swift */; };
		0B0937732957620D006D9574 /* MarketDataService.swift in Sources */ = {isa = PBXBuildFile; fileRef = 0B0937722957620D006D9574 /* MarketDataService.swift */; };
		0B0D7FCB2954AC9F0071D89D /* CoinModel.swift in Sources */ = {isa = PBXBuildFile; fileRef = 0B0D7FCA2954AC9F0071D89D /* CoinModel.swift */; };
		0B3DFFD92954A4AE005FD924 /* CircleButtonAnimationView.swift in Sources */ = {isa = PBXBuildFile; fileRef = 0B3DFFD82954A4AE005FD924 /* CircleButtonAnimationView.swift */; };
		0B783CDA29570F990010121E /* LocalFileManager.swift in Sources */ = {isa = PBXBuildFile; fileRef = 0B783CD929570F990010121E /* LocalFileManager.swift */; };
		0B783CDC2957237E0010121E /* SearchBarView.swift in Sources */ = {isa = PBXBuildFile; fileRef = 0B783CDB2957237E0010121E /* SearchBarView.swift */; };
		0B783CDE2957282B0010121E /* UIApplication.swift in Sources */ = {isa = PBXBuildFile; fileRef = 0B783CDD2957282B0010121E /* UIApplication.swift */; };
		0B783CE029574C3D0010121E /* StatisticModel.swift in Sources */ = {isa = PBXBuildFile; fileRef = 0B783CDF29574C3D0010121E /* StatisticModel.swift */; };
		0B783CE229574EC70010121E /* StatisticView.swift in Sources */ = {isa = PBXBuildFile; fileRef = 0B783CE129574EC70010121E /* StatisticView.swift */; };
		0B7880412954B86E0048E554 /* CoinRowView.swift in Sources */ = {isa = PBXBuildFile; fileRef = 0B7880402954B86E0048E554 /* CoinRowView.swift */; };
		0B7880432954B9BF0048E554 /* PreviewProvider.swift in Sources */ = {isa = PBXBuildFile; fileRef = 0B7880422954B9BF0048E554 /* PreviewProvider.swift */; };
		0B7880452954BDCD0048E554 /* Double.swift in Sources */ = {isa = PBXBuildFile; fileRef = 0B7880442954BDCD0048E554 /* Double.swift */; };
		0B7A01D42955B5F4000C100B /* HomeViewModel.swift in Sources */ = {isa = PBXBuildFile; fileRef = 0B7A01D32955B5F4000C100B /* HomeViewModel.swift */; };
		0B7A01D72955BEB0000C100B /* CoinDataService.swift in Sources */ = {isa = PBXBuildFile; fileRef = 0B7A01D62955BEB0000C100B /* CoinDataService.swift */; };
		0B7A01DA2955DDBF000C100B /* NetworkingManager.swift in Sources */ = {isa = PBXBuildFile; fileRef = 0B7A01D92955DDBF000C100B /* NetworkingManager.swift */; };
		0BABB7C62956098400074DBB /* CoinImageView.swift in Sources */ = {isa = PBXBuildFile; fileRef = 0BABB7C52956098400074DBB /* CoinImageView.swift */; };
		0BABB7C829560BE100074DBB /* CoinImageService.swift in Sources */ = {isa = PBXBuildFile; fileRef = 0BABB7C729560BE100074DBB /* CoinImageService.swift */; };
		0BABB7CA295613A600074DBB /* CoinImageViewModel.swift in Sources */ = {isa = PBXBuildFile; fileRef = 0BABB7C9295613A600074DBB /* CoinImageViewModel.swift */; };
		0BDE832A29546FB8009A5C34 /* Crypto_Tracker_SwiftUIApp.swift in Sources */ = {isa = PBXBuildFile; fileRef = 0BDE832929546FB8009A5C34 /* Crypto_Tracker_SwiftUIApp.swift */; };
		0BDE832E29546FBA009A5C34 /* Assets.xcassets in Resources */ = {isa = PBXBuildFile; fileRef = 0BDE832D29546FBA009A5C34 /* Assets.xcassets */; };
		0BDE833129546FBA009A5C34 /* Preview Assets.xcassets in Resources */ = {isa = PBXBuildFile; fileRef = 0BDE833029546FBA009A5C34 /* Preview Assets.xcassets */; };
		0BDE8339295470AF009A5C34 /* Colors.swift in Sources */ = {isa = PBXBuildFile; fileRef = 0BDE8338295470AF009A5C34 /* Colors.swift */; };
		0BDE833F29547276009A5C34 /* HomeView.swift in Sources */ = {isa = PBXBuildFile; fileRef = 0BDE833E29547276009A5C34 /* HomeView.swift */; };
		0BDE83432954764E009A5C34 /* CircleButtonView.swift in Sources */ = {isa = PBXBuildFile; fileRef = 0BDE83422954764E009A5C34 /* CircleButtonView.swift */; };
		0BE2467A295872C800B5CE90 /* PortfolioView.swift in Sources */ = {isa = PBXBuildFile; fileRef = 0BE24679295872C800B5CE90 /* PortfolioView.swift */; };
		0BE2467C295875F100B5CE90 /* XMarkButton.swift in Sources */ = {isa = PBXBuildFile; fileRef = 0BE2467B295875F100B5CE90 /* XMarkButton.swift */; };
		0BE2467E29587C7200B5CE90 /* CoinLogoView.swift in Sources */ = {isa = PBXBuildFile; fileRef = 0BE2467D29587C7200B5CE90 /* CoinLogoView.swift */; };
/* End PBXBuildFile section */

/* Begin PBXFileReference section */
		0B09376E295754EF006D9574 /* HomeStatasView.swift */ = {isa = PBXFileReference; lastKnownFileType = sourcecode.swift; path = HomeStatasView.swift; sourceTree = "<group>"; };
		0B09377029575D87006D9574 /* GlobalData.swift */ = {isa = PBXFileReference; lastKnownFileType = sourcecode.swift; path = GlobalData.swift; sourceTree = "<group>"; };
		0B0937722957620D006D9574 /* MarketDataService.swift */ = {isa = PBXFileReference; lastKnownFileType = sourcecode.swift; path = MarketDataService.swift; sourceTree = "<group>"; };
		0B0D7FCA2954AC9F0071D89D /* CoinModel.swift */ = {isa = PBXFileReference; lastKnownFileType = sourcecode.swift; path = CoinModel.swift; sourceTree = "<group>"; };
		0B3DFFD82954A4AE005FD924 /* CircleButtonAnimationView.swift */ = {isa = PBXFileReference; lastKnownFileType = sourcecode.swift; path = CircleButtonAnimationView.swift; sourceTree = "<group>"; };
		0B783CD929570F990010121E /* LocalFileManager.swift */ = {isa = PBXFileReference; lastKnownFileType = sourcecode.swift; path = LocalFileManager.swift; sourceTree = "<group>"; };
		0B783CDB2957237E0010121E /* SearchBarView.swift */ = {isa = PBXFileReference; lastKnownFileType = sourcecode.swift; path = SearchBarView.swift; sourceTree = "<group>"; };
		0B783CDD2957282B0010121E /* UIApplication.swift */ = {isa = PBXFileReference; lastKnownFileType = sourcecode.swift; path = UIApplication.swift; sourceTree = "<group>"; };
		0B783CDF29574C3D0010121E /* StatisticModel.swift */ = {isa = PBXFileReference; lastKnownFileType = sourcecode.swift; path = StatisticModel.swift; sourceTree = "<group>"; };
		0B783CE129574EC70010121E /* StatisticView.swift */ = {isa = PBXFileReference; lastKnownFileType = sourcecode.swift; path = StatisticView.swift; sourceTree = "<group>"; };
		0B7880402954B86E0048E554 /* CoinRowView.swift */ = {isa = PBXFileReference; lastKnownFileType = sourcecode.swift; path = CoinRowView.swift; sourceTree = "<group>"; };
		0B7880422954B9BF0048E554 /* PreviewProvider.swift */ = {isa = PBXFileReference; lastKnownFileType = sourcecode.swift; path = PreviewProvider.swift; sourceTree = "<group>"; };
		0B7880442954BDCD0048E554 /* Double.swift */ = {isa = PBXFileReference; lastKnownFileType = sourcecode.swift; path = Double.swift; sourceTree = "<group>"; };
		0B7A01D32955B5F4000C100B /* HomeViewModel.swift */ = {isa = PBXFileReference; lastKnownFileType = sourcecode.swift; path = HomeViewModel.swift; sourceTree = "<group>"; };
		0B7A01D62955BEB0000C100B /* CoinDataService.swift */ = {isa = PBXFileReference; lastKnownFileType = sourcecode.swift; path = CoinDataService.swift; sourceTree = "<group>"; };
		0B7A01D92955DDBF000C100B /* NetworkingManager.swift */ = {isa = PBXFileReference; lastKnownFileType = sourcecode.swift; path = NetworkingManager.swift; sourceTree = "<group>"; };
		0BABB7C52956098400074DBB /* CoinImageView.swift */ = {isa = PBXFileReference; lastKnownFileType = sourcecode.swift; path = CoinImageView.swift; sourceTree = "<group>"; };
		0BABB7C729560BE100074DBB /* CoinImageService.swift */ = {isa = PBXFileReference; lastKnownFileType = sourcecode.swift; path = CoinImageService.swift; sourceTree = "<group>"; };
		0BABB7C9295613A600074DBB /* CoinImageViewModel.swift */ = {isa = PBXFileReference; lastKnownFileType = sourcecode.swift; path = CoinImageViewModel.swift; sourceTree = "<group>"; };
		0BDE832629546FB8009A5C34 /* Crypto Tracker SwiftUI.app */ = {isa = PBXFileReference; explicitFileType = wrapper.application; includeInIndex = 0; path = "Crypto Tracker SwiftUI.app"; sourceTree = BUILT_PRODUCTS_DIR; };
		0BDE832929546FB8009A5C34 /* Crypto_Tracker_SwiftUIApp.swift */ = {isa = PBXFileReference; lastKnownFileType = sourcecode.swift; path = Crypto_Tracker_SwiftUIApp.swift; sourceTree = "<group>"; };
		0BDE832D29546FBA009A5C34 /* Assets.xcassets */ = {isa = PBXFileReference; lastKnownFileType = folder.assetcatalog; path = Assets.xcassets; sourceTree = "<group>"; };
		0BDE833029546FBA009A5C34 /* Preview Assets.xcassets */ = {isa = PBXFileReference; lastKnownFileType = folder.assetcatalog; path = "Preview Assets.xcassets"; sourceTree = "<group>"; };
		0BDE8338295470AF009A5C34 /* Colors.swift */ = {isa = PBXFileReference; lastKnownFileType = sourcecode.swift; path = Colors.swift; sourceTree = "<group>"; };
		0BDE833E29547276009A5C34 /* HomeView.swift */ = {isa = PBXFileReference; lastKnownFileType = sourcecode.swift; path = HomeView.swift; sourceTree = "<group>"; };
		0BDE83422954764E009A5C34 /* CircleButtonView.swift */ = {isa = PBXFileReference; lastKnownFileType = sourcecode.swift; path = CircleButtonView.swift; sourceTree = "<group>"; };
		0BE24679295872C800B5CE90 /* PortfolioView.swift */ = {isa = PBXFileReference; lastKnownFileType = sourcecode.swift; path = PortfolioView.swift; sourceTree = "<group>"; };
		0BE2467B295875F100B5CE90 /* XMarkButton.swift */ = {isa = PBXFileReference; lastKnownFileType = sourcecode.swift; path = XMarkButton.swift; sourceTree = "<group>"; };
		0BE2467D29587C7200B5CE90 /* CoinLogoView.swift */ = {isa = PBXFileReference; lastKnownFileType = sourcecode.swift; path = CoinLogoView.swift; sourceTree = "<group>"; };
/* End PBXFileReference section */

/* Begin PBXFrameworksBuildPhase section */
		0BDE832329546FB8009A5C34 /* Frameworks */ = {
			isa = PBXFrameworksBuildPhase;
			buildActionMask = 2147483647;
			files = (
			);
			runOnlyForDeploymentPostprocessing = 0;
		};
/* End PBXFrameworksBuildPhase section */

/* Begin PBXGroup section */
		0B0D7FC92954AC220071D89D /* Model */ = {
			isa = PBXGroup;
			children = (
				0B0D7FCA2954AC9F0071D89D /* CoinModel.swift */,
				0B783CDF29574C3D0010121E /* StatisticModel.swift */,
				0B09377029575D87006D9574 /* GlobalData.swift */,
			);
			path = Model;
			sourceTree = "<group>";
		};
		0B7A01D52955BE83000C100B /* Services */ = {
			isa = PBXGroup;
			children = (
				0B7A01D62955BEB0000C100B /* CoinDataService.swift */,
				0BABB7C729560BE100074DBB /* CoinImageService.swift */,
				0B0937722957620D006D9574 /* MarketDataService.swift */,
			);
			path = Services;
			sourceTree = "<group>";
		};
		0B7A01D82955DD7F000C100B /* Utilities */ = {
			isa = PBXGroup;
			children = (
				0B7A01D92955DDBF000C100B /* NetworkingManager.swift */,
				0B783CD929570F990010121E /* LocalFileManager.swift */,
			);
			path = Utilities;
			sourceTree = "<group>";
		};
		0BABB7C42956091700074DBB /* CoinImage */ = {
			isa = PBXGroup;
			children = (
				0BABB7C52956098400074DBB /* CoinImageView.swift */,
				0BABB7C9295613A600074DBB /* CoinImageViewModel.swift */,
				0BE2467D29587C7200B5CE90 /* CoinLogoView.swift */,
			);
			path = CoinImage;
			sourceTree = "<group>";
		};
		0BDE831D29546FB8009A5C34 = {
			isa = PBXGroup;
			children = (
				0BDE832829546FB8009A5C34 /* Crypto Tracker SwiftUI */,
				0BDE832729546FB8009A5C34 /* Products */,
			);
			sourceTree = "<group>";
		};
		0BDE832729546FB8009A5C34 /* Products */ = {
			isa = PBXGroup;
			children = (
				0BDE832629546FB8009A5C34 /* Crypto Tracker SwiftUI.app */,
			);
			name = Products;
			sourceTree = "<group>";
		};
		0BDE832829546FB8009A5C34 /* Crypto Tracker SwiftUI */ = {
			isa = PBXGroup;
			children = (
				0BDE832929546FB8009A5C34 /* Crypto_Tracker_SwiftUIApp.swift */,
				0B7A01D82955DD7F000C100B /* Utilities */,
				0BDE833729547099009A5C34 /* Extensions */,
				0B7A01D52955BE83000C100B /* Services */,
				0B0D7FC92954AC220071D89D /* Model */,
				0BDE834029547607009A5C34 /* Components */,
				0BDE833A2954722E009A5C34 /* Core */,
				0BDE832D29546FBA009A5C34 /* Assets.xcassets */,
				0BDE832F29546FBA009A5C34 /* Preview Content */,
			);
			path = "Crypto Tracker SwiftUI";
			sourceTree = "<group>";
		};
		0BDE832F29546FBA009A5C34 /* Preview Content */ = {
			isa = PBXGroup;
			children = (
				0BDE833029546FBA009A5C34 /* Preview Assets.xcassets */,
			);
			path = "Preview Content";
			sourceTree = "<group>";
		};
		0BDE833729547099009A5C34 /* Extensions */ = {
			isa = PBXGroup;
			children = (
				0BDE8338295470AF009A5C34 /* Colors.swift */,
				0B7880422954B9BF0048E554 /* PreviewProvider.swift */,
				0B7880442954BDCD0048E554 /* Double.swift */,
				0B783CDD2957282B0010121E /* UIApplication.swift */,
			);
			path = Extensions;
			sourceTree = "<group>";
		};
		0BDE833A2954722E009A5C34 /* Core */ = {
			isa = PBXGroup;
			children = (
				0BDE833B29547242009A5C34 /* Home */,
			);
			path = Core;
			sourceTree = "<group>";
		};
		0BDE833B29547242009A5C34 /* Home */ = {
			isa = PBXGroup;
			children = (
				0BDE833D29547257009A5C34 /* ViewModels */,
				0BDE833C2954724D009A5C34 /* Views */,
			);
			path = Home;
			sourceTree = "<group>";
		};
		0BDE833C2954724D009A5C34 /* Views */ = {
			isa = PBXGroup;
			children = (
				0BDE833E29547276009A5C34 /* HomeView.swift */,
				0B7880402954B86E0048E554 /* CoinRowView.swift */,
				0B09376E295754EF006D9574 /* HomeStatasView.swift */,
				0BE24679295872C800B5CE90 /* PortfolioView.swift */,
			);
			path = Views;
			sourceTree = "<group>";
		};
		0BDE833D29547257009A5C34 /* ViewModels */ = {
			isa = PBXGroup;
			children = (
				0B7A01D32955B5F4000C100B /* HomeViewModel.swift */,
			);
			path = ViewModels;
			sourceTree = "<group>";
		};
		0BDE834029547607009A5C34 /* Components */ = {
			isa = PBXGroup;
			children = (
				0BABB7C42956091700074DBB /* CoinImage */,
				0BDE834129547627009A5C34 /* circleButton */,
				0B783CDB2957237E0010121E /* SearchBarView.swift */,
				0B783CE129574EC70010121E /* StatisticView.swift */,
				0BE2467B295875F100B5CE90 /* XMarkButton.swift */,
			);
			path = Components;
			sourceTree = "<group>";
		};
		0BDE834129547627009A5C34 /* circleButton */ = {
			isa = PBXGroup;
			children = (
				0BDE83422954764E009A5C34 /* CircleButtonView.swift */,
				0B3DFFD82954A4AE005FD924 /* CircleButtonAnimationView.swift */,
			);
			path = circleButton;
			sourceTree = "<group>";
		};
/* End PBXGroup section */

/* Begin PBXNativeTarget section */
		0BDE832529546FB8009A5C34 /* Crypto Tracker SwiftUI */ = {
			isa = PBXNativeTarget;
			buildConfigurationList = 0BDE833429546FBA009A5C34 /* Build configuration list for PBXNativeTarget "Crypto Tracker SwiftUI" */;
			buildPhases = (
				0BDE832229546FB8009A5C34 /* Sources */,
				0BDE832329546FB8009A5C34 /* Frameworks */,
				0BDE832429546FB8009A5C34 /* Resources */,
			);
			buildRules = (
			);
			dependencies = (
			);
			name = "Crypto Tracker SwiftUI";
			productName = "Crypto Tracker SwiftUI";
			productReference = 0BDE832629546FB8009A5C34 /* Crypto Tracker SwiftUI.app */;
			productType = "com.apple.product-type.application";
		};
/* End PBXNativeTarget section */

/* Begin PBXProject section */
		0BDE831E29546FB8009A5C34 /* Project object */ = {
			isa = PBXProject;
			attributes = {
				BuildIndependentTargetsInParallel = 1;
				LastSwiftUpdateCheck = 1410;
				LastUpgradeCheck = 1410;
				TargetAttributes = {
					0BDE832529546FB8009A5C34 = {
						CreatedOnToolsVersion = 14.1;
					};
				};
			};
			buildConfigurationList = 0BDE832129546FB8009A5C34 /* Build configuration list for PBXProject "Crypto Tracker SwiftUI" */;
			compatibilityVersion = "Xcode 14.0";
			developmentRegion = en;
			hasScannedForEncodings = 0;
			knownRegions = (
				en,
				Base,
			);
			mainGroup = 0BDE831D29546FB8009A5C34;
			productRefGroup = 0BDE832729546FB8009A5C34 /* Products */;
			projectDirPath = "";
			projectRoot = "";
			targets = (
				0BDE832529546FB8009A5C34 /* Crypto Tracker SwiftUI */,
			);
		};
/* End PBXProject section */

/* Begin PBXResourcesBuildPhase section */
		0BDE832429546FB8009A5C34 /* Resources */ = {
			isa = PBXResourcesBuildPhase;
			buildActionMask = 2147483647;
			files = (
				0BDE833129546FBA009A5C34 /* Preview Assets.xcassets in Resources */,
				0BDE832E29546FBA009A5C34 /* Assets.xcassets in Resources */,
			);
			runOnlyForDeploymentPostprocessing = 0;
		};
/* End PBXResourcesBuildPhase section */

/* Begin PBXSourcesBuildPhase section */
		0BDE832229546FB8009A5C34 /* Sources */ = {
			isa = PBXSourcesBuildPhase;
			buildActionMask = 2147483647;
			files = (
				0B09376F295754EF006D9574 /* HomeStatasView.swift in Sources */,
				0B0937732957620D006D9574 /* MarketDataService.swift in Sources */,
				0BE2467E29587C7200B5CE90 /* CoinLogoView.swift in Sources */,
				0B783CE029574C3D0010121E /* StatisticModel.swift in Sources */,
				0B783CE229574EC70010121E /* StatisticView.swift in Sources */,
				0B783CDE2957282B0010121E /* UIApplication.swift in Sources */,
				0BABB7CA295613A600074DBB /* CoinImageViewModel.swift in Sources */,
				0BABB7C62956098400074DBB /* CoinImageView.swift in Sources */,
				0BE2467A295872C800B5CE90 /* PortfolioView.swift in Sources */,
				0BDE833F29547276009A5C34 /* HomeView.swift in Sources */,
				0BDE8339295470AF009A5C34 /* Colors.swift in Sources */,
				0B3DFFD92954A4AE005FD924 /* CircleButtonAnimationView.swift in Sources */,
				0B7A01D42955B5F4000C100B /* HomeViewModel.swift in Sources */,
				0BDE83432954764E009A5C34 /* CircleButtonView.swift in Sources */,
				0B783CDA29570F990010121E /* LocalFileManager.swift in Sources */,
				0B0D7FCB2954AC9F0071D89D /* CoinModel.swift in Sources */,
				0B09377129575D87006D9574 /* GlobalData.swift in Sources */,
				0B7880432954B9BF0048E554 /* PreviewProvider.swift in Sources */,
				0B7880412954B86E0048E554 /* CoinRowView.swift in Sources */,
				0B7880452954BDCD0048E554 /* Double.swift in Sources */,
				0B7A01DA2955DDBF000C100B /* NetworkingManager.swift in Sources */,
				0BDE832A29546FB8009A5C34 /* Crypto_Tracker_SwiftUIApp.swift in Sources */,
				0BE2467C295875F100B5CE90 /* XMarkButton.swift in Sources */,
				0BABB7C829560BE100074DBB /* CoinImageService.swift in Sources */,
				0B783CDC2957237E0010121E /* SearchBarView.swift in Sources */,
				0B7A01D72955BEB0000C100B /* CoinDataService.swift in Sources */,
			);
			runOnlyForDeploymentPostprocessing = 0;
		};
/* End PBXSourcesBuildPhase section */

/* Begin XCBuildConfiguration section */
		0BDE833229546FBA009A5C34 /* Debug */ = {
			isa = XCBuildConfiguration;
			buildSettings = {
				ALWAYS_SEARCH_USER_PATHS = NO;
				CLANG_ANALYZER_NONNULL = YES;
				CLANG_ANALYZER_NUMBER_OBJECT_CONVERSION = YES_AGGRESSIVE;
				CLANG_CXX_LANGUAGE_STANDARD = "gnu++20";
				CLANG_ENABLE_MODULES = YES;
				CLANG_ENABLE_OBJC_ARC = YES;
				CLANG_ENABLE_OBJC_WEAK = YES;
				CLANG_WARN_BLOCK_CAPTURE_AUTORELEASING = YES;
				CLANG_WARN_BOOL_CONVERSION = YES;
				CLANG_WARN_COMMA = YES;
				CLANG_WARN_CONSTANT_CONVERSION = YES;
				CLANG_WARN_DEPRECATED_OBJC_IMPLEMENTATIONS = YES;
				CLANG_WARN_DIRECT_OBJC_ISA_USAGE = YES_ERROR;
				CLANG_WARN_DOCUMENTATION_COMMENTS = YES;
				CLANG_WARN_EMPTY_BODY = YES;
				CLANG_WARN_ENUM_CONVERSION = YES;
				CLANG_WARN_INFINITE_RECURSION = YES;
				CLANG_WARN_INT_CONVERSION = YES;
				CLANG_WARN_NON_LITERAL_NULL_CONVERSION = YES;
				CLANG_WARN_OBJC_IMPLICIT_RETAIN_SELF = YES;
				CLANG_WARN_OBJC_LITERAL_CONVERSION = YES;
				CLANG_WARN_OBJC_ROOT_CLASS = YES_ERROR;
				CLANG_WARN_QUOTED_INCLUDE_IN_FRAMEWORK_HEADER = YES;
				CLANG_WARN_RANGE_LOOP_ANALYSIS = YES;
				CLANG_WARN_STRICT_PROTOTYPES = YES;
				CLANG_WARN_SUSPICIOUS_MOVE = YES;
				CLANG_WARN_UNGUARDED_AVAILABILITY = YES_AGGRESSIVE;
				CLANG_WARN_UNREACHABLE_CODE = YES;
				CLANG_WARN__DUPLICATE_METHOD_MATCH = YES;
				COPY_PHASE_STRIP = NO;
				DEBUG_INFORMATION_FORMAT = dwarf;
				ENABLE_STRICT_OBJC_MSGSEND = YES;
				ENABLE_TESTABILITY = YES;
				GCC_C_LANGUAGE_STANDARD = gnu11;
				GCC_DYNAMIC_NO_PIC = NO;
				GCC_NO_COMMON_BLOCKS = YES;
				GCC_OPTIMIZATION_LEVEL = 0;
				GCC_PREPROCESSOR_DEFINITIONS = (
					"DEBUG=1",
					"$(inherited)",
				);
				GCC_WARN_64_TO_32_BIT_CONVERSION = YES;
				GCC_WARN_ABOUT_RETURN_TYPE = YES_ERROR;
				GCC_WARN_UNDECLARED_SELECTOR = YES;
				GCC_WARN_UNINITIALIZED_AUTOS = YES_AGGRESSIVE;
				GCC_WARN_UNUSED_FUNCTION = YES;
				GCC_WARN_UNUSED_VARIABLE = YES;
				IPHONEOS_DEPLOYMENT_TARGET = 16.1;
				MTL_ENABLE_DEBUG_INFO = INCLUDE_SOURCE;
				MTL_FAST_MATH = YES;
				ONLY_ACTIVE_ARCH = YES;
				SDKROOT = iphoneos;
				SWIFT_ACTIVE_COMPILATION_CONDITIONS = DEBUG;
				SWIFT_OPTIMIZATION_LEVEL = "-Onone";
			};
			name = Debug;
		};
		0BDE833329546FBA009A5C34 /* Release */ = {
			isa = XCBuildConfiguration;
			buildSettings = {
				ALWAYS_SEARCH_USER_PATHS = NO;
				CLANG_ANALYZER_NONNULL = YES;
				CLANG_ANALYZER_NUMBER_OBJECT_CONVERSION = YES_AGGRESSIVE;
				CLANG_CXX_LANGUAGE_STANDARD = "gnu++20";
				CLANG_ENABLE_MODULES = YES;
				CLANG_ENABLE_OBJC_ARC = YES;
				CLANG_ENABLE_OBJC_WEAK = YES;
				CLANG_WARN_BLOCK_CAPTURE_AUTORELEASING = YES;
				CLANG_WARN_BOOL_CONVERSION = YES;
				CLANG_WARN_COMMA = YES;
				CLANG_WARN_CONSTANT_CONVERSION = YES;
				CLANG_WARN_DEPRECATED_OBJC_IMPLEMENTATIONS = YES;
				CLANG_WARN_DIRECT_OBJC_ISA_USAGE = YES_ERROR;
				CLANG_WARN_DOCUMENTATION_COMMENTS = YES;
				CLANG_WARN_EMPTY_BODY = YES;
				CLANG_WARN_ENUM_CONVERSION = YES;
				CLANG_WARN_INFINITE_RECURSION = YES;
				CLANG_WARN_INT_CONVERSION = YES;
				CLANG_WARN_NON_LITERAL_NULL_CONVERSION = YES;
				CLANG_WARN_OBJC_IMPLICIT_RETAIN_SELF = YES;
				CLANG_WARN_OBJC_LITERAL_CONVERSION = YES;
				CLANG_WARN_OBJC_ROOT_CLASS = YES_ERROR;
				CLANG_WARN_QUOTED_INCLUDE_IN_FRAMEWORK_HEADER = YES;
				CLANG_WARN_RANGE_LOOP_ANALYSIS = YES;
				CLANG_WARN_STRICT_PROTOTYPES = YES;
				CLANG_WARN_SUSPICIOUS_MOVE = YES;
				CLANG_WARN_UNGUARDED_AVAILABILITY = YES_AGGRESSIVE;
				CLANG_WARN_UNREACHABLE_CODE = YES;
				CLANG_WARN__DUPLICATE_METHOD_MATCH = YES;
				COPY_PHASE_STRIP = NO;
				DEBUG_INFORMATION_FORMAT = "dwarf-with-dsym";
				ENABLE_NS_ASSERTIONS = NO;
				ENABLE_STRICT_OBJC_MSGSEND = YES;
				GCC_C_LANGUAGE_STANDARD = gnu11;
				GCC_NO_COMMON_BLOCKS = YES;
				GCC_WARN_64_TO_32_BIT_CONVERSION = YES;
				GCC_WARN_ABOUT_RETURN_TYPE = YES_ERROR;
				GCC_WARN_UNDECLARED_SELECTOR = YES;
				GCC_WARN_UNINITIALIZED_AUTOS = YES_AGGRESSIVE;
				GCC_WARN_UNUSED_FUNCTION = YES;
				GCC_WARN_UNUSED_VARIABLE = YES;
				IPHONEOS_DEPLOYMENT_TARGET = 16.1;
				MTL_ENABLE_DEBUG_INFO = NO;
				MTL_FAST_MATH = YES;
				SDKROOT = iphoneos;
				SWIFT_COMPILATION_MODE = wholemodule;
				SWIFT_OPTIMIZATION_LEVEL = "-O";
				VALIDATE_PRODUCT = YES;
			};
			name = Release;
		};
		0BDE833529546FBA009A5C34 /* Debug */ = {
			isa = XCBuildConfiguration;
			buildSettings = {
				ASSETCATALOG_COMPILER_APPICON_NAME = AppIcon;
				ASSETCATALOG_COMPILER_GLOBAL_ACCENT_COLOR_NAME = AccentColor;
				CODE_SIGN_STYLE = Automatic;
				CURRENT_PROJECT_VERSION = 1;
				DEVELOPMENT_ASSET_PATHS = "\"Crypto Tracker SwiftUI/Preview Content\"";
				ENABLE_PREVIEWS = YES;
				GENERATE_INFOPLIST_FILE = YES;
				INFOPLIST_KEY_CFBundleDisplayName = "Crypto Tracker";
				INFOPLIST_KEY_UIApplicationSceneManifest_Generation = YES;
				INFOPLIST_KEY_UIApplicationSupportsIndirectInputEvents = YES;
				INFOPLIST_KEY_UILaunchScreen_Generation = YES;
				INFOPLIST_KEY_UISupportedInterfaceOrientations = UIInterfaceOrientationPortrait;
				LD_RUNPATH_SEARCH_PATHS = (
					"$(inherited)",
					"@executable_path/Frameworks",
				);
				MARKETING_VERSION = 1.0;
				PRODUCT_BUNDLE_IDENTIFIER = "dalveersingh.Crypto-Tracker-SwiftUI";
				PRODUCT_NAME = "$(TARGET_NAME)";
				SWIFT_EMIT_LOC_STRINGS = YES;
				SWIFT_VERSION = 5.0;
				TARGETED_DEVICE_FAMILY = "1,2";
			};
			name = Debug;
		};
		0BDE833629546FBA009A5C34 /* Release */ = {
			isa = XCBuildConfiguration;
			buildSettings = {
				ASSETCATALOG_COMPILER_APPICON_NAME = AppIcon;
				ASSETCATALOG_COMPILER_GLOBAL_ACCENT_COLOR_NAME = AccentColor;
				CODE_SIGN_STYLE = Automatic;
				CURRENT_PROJECT_VERSION = 1;
				DEVELOPMENT_ASSET_PATHS = "\"Crypto Tracker SwiftUI/Preview Content\"";
				ENABLE_PREVIEWS = YES;
				GENERATE_INFOPLIST_FILE = YES;
				INFOPLIST_KEY_CFBundleDisplayName = "Crypto Tracker";
				INFOPLIST_KEY_UIApplicationSceneManifest_Generation = YES;
				INFOPLIST_KEY_UIApplicationSupportsIndirectInputEvents = YES;
				INFOPLIST_KEY_UILaunchScreen_Generation = YES;
				INFOPLIST_KEY_UISupportedInterfaceOrientations = UIInterfaceOrientationPortrait;
				LD_RUNPATH_SEARCH_PATHS = (
					"$(inherited)",
					"@executable_path/Frameworks",
				);
				MARKETING_VERSION = 1.0;
				PRODUCT_BUNDLE_IDENTIFIER = "dalveersingh.Crypto-Tracker-SwiftUI";
				PRODUCT_NAME = "$(TARGET_NAME)";
				SWIFT_EMIT_LOC_STRINGS = YES;
				SWIFT_VERSION = 5.0;
				TARGETED_DEVICE_FAMILY = "1,2";
			};
			name = Release;
		};
/* End XCBuildConfiguration section */

/* Begin XCConfigurationList section */
		0BDE832129546FB8009A5C34 /* Build configuration list for PBXProject "Crypto Tracker SwiftUI" */ = {
			isa = XCConfigurationList;
			buildConfigurations = (
				0BDE833229546FBA009A5C34 /* Debug */,
				0BDE833329546FBA009A5C34 /* Release */,
			);
			defaultConfigurationIsVisible = 0;
			defaultConfigurationName = Release;
		};
		0BDE833429546FBA009A5C34 /* Build configuration list for PBXNativeTarget "Crypto Tracker SwiftUI" */ = {
			isa = XCConfigurationList;
			buildConfigurations = (
				0BDE833529546FBA009A5C34 /* Debug */,
				0BDE833629546FBA009A5C34 /* Release */,
			);
			defaultConfigurationIsVisible = 0;
			defaultConfigurationName = Release;
		};
/* End XCConfigurationList section */
	};
	rootObject = 0BDE831E29546FB8009A5C34 /* Project object */;
}
